
Microsoft Visual Studio Solution File, Format Version 12.00
# Visual Studio 2013
VisualStudioVersion = 12.0.30723.0
MinimumVisualStudioVersion = 10.0.40219.1
Project("{FAE04EC0-301F-11D3-BF4B-00C04F79EFBC}") = "ConversionOperatorOverload", "ConversionOperatorOverload\ConversionOperatorOverload.csproj", "{63122083-78BA-4EEC-8BCC-1F06349D87DC}"
EndProject
Global
	GlobalSection(SolutionConfigurationPlatforms) = preSolution
		Debug|Any CPU = Debug|Any CPU
		Release|Any CPU = Release|Any CPU
	EndGlobalSection
	GlobalSection(ProjectConfigurationPlatforms) = postSolution
		{63122083-78BA-4EEC-8BCC-1F06349D87DC}.Debug|Any CPU.ActiveCfg = Debug|Any CPU
		{63122083-78BA-4EEC-8BCC-1F06349D87DC}.Debug|Any CPU.Build.0 = Debug|Any CPU
		{63122083-78BA-4EEC-8BCC-1F06349D87DC}.Release|Any CPU.ActiveCfg = Release|Any CPU
		{63122083-78BA-4EEC-8BCC-1F06349D87DC}.Release|Any CPU.Build.0 = Release|Any CPU
	EndGlobalSection
	GlobalSection(SolutionProperties) = preSolution
		HideSolutionNode = FALSE
	EndGlobalSection
EndGlobal
