
Microsoft Visual Studio Solution File, Format Version 12.00
# Visual Studio 2013
VisualStudioVersion = 12.0.30723.0
MinimumVisualStudioVersion = 10.0.40219.1
Project("{FAE04EC0-301F-11D3-BF4B-00C04F79EFBC}") = "ChangingBoxedValueTypeFields", "ChangingBoxedValueTypeFields\ChangingBoxedValueTypeFields.csproj", "{F36192F8-98D0-4CF2-81FB-785F4027C6FB}"
EndProject
Global
	GlobalSection(SolutionConfigurationPlatforms) = preSolution
		Debug|Any CPU = Debug|Any CPU
		Release|Any CPU = Release|Any CPU
	EndGlobalSection
	GlobalSection(ProjectConfigurationPlatforms) = postSolution
		{F36192F8-98D0-4CF2-81FB-785F4027C6FB}.Debug|Any CPU.ActiveCfg = Debug|Any CPU
		{F36192F8-98D0-4CF2-81FB-785F4027C6FB}.Debug|Any CPU.Build.0 = Debug|Any CPU
		{F36192F8-98D0-4CF2-81FB-785F4027C6FB}.Release|Any CPU.ActiveCfg = Release|Any CPU
		{F36192F8-98D0-4CF2-81FB-785F4027C6FB}.Release|Any CPU.Build.0 = Release|Any CPU
	EndGlobalSection
	GlobalSection(SolutionProperties) = preSolution
		HideSolutionNode = FALSE
	EndGlobalSection
EndGlobal
